
Microsoft Visual Studio Solution File, Format Version 12.00
# Visual Studio Version 17
VisualStudioVersion = 17.5.002.0
MinimumVisualStudioVersion = 10.0.40219.1
Project("{9A19103F-16F7-4668-BE54-9A1E7A4F7556}") = "ShopApi", "ShopApi.csproj", "{14761B97-E068-4A3E-A703-4B56E96537EF}"
EndProject
Project("{FAE04EC0-301F-11D3-BF4B-00C04F79EFBC}") = "Core", "..\Core\Core.csproj", "{B66AA52C-17B9-492D-98EA-FD009399553C}"
EndProject
Project("{FAE04EC0-301F-11D3-BF4B-00C04F79EFBC}") = "UT", "..\UT\UT.csproj", "{147C041B-2FB9-4091-B016-654624BA64F0}"
EndProject
Global
	GlobalSection(SolutionConfigurationPlatforms) = preSolution
		Debug|Any CPU = Debug|Any CPU
		Release|Any CPU = Release|Any CPU
	EndGlobalSection
	GlobalSection(ProjectConfigurationPlatforms) = postSolution
		{14761B97-E068-4A3E-A703-4B56E96537EF}.Debug|Any CPU.ActiveCfg = Debug|Any CPU
		{14761B97-E068-4A3E-A703-4B56E96537EF}.Debug|Any CPU.Build.0 = Debug|Any CPU
		{14761B97-E068-4A3E-A703-4B56E96537EF}.Release|Any CPU.ActiveCfg = Release|Any CPU
		{14761B97-E068-4A3E-A703-4B56E96537EF}.Release|Any CPU.Build.0 = Release|Any CPU
		{B66AA52C-17B9-492D-98EA-FD009399553C}.Debug|Any CPU.ActiveCfg = Debug|Any CPU
		{B66AA52C-17B9-492D-98EA-FD009399553C}.Debug|Any CPU.Build.0 = Debug|Any CPU
		{B66AA52C-17B9-492D-98EA-FD009399553C}.Release|Any CPU.ActiveCfg = Release|Any CPU
		{B66AA52C-17B9-492D-98EA-FD009399553C}.Release|Any CPU.Build.0 = Release|Any CPU
		{147C041B-2FB9-4091-B016-654624BA64F0}.Debug|Any CPU.ActiveCfg = Debug|Any CPU
		{147C041B-2FB9-4091-B016-654624BA64F0}.Debug|Any CPU.Build.0 = Debug|Any CPU
		{147C041B-2FB9-4091-B016-654624BA64F0}.Release|Any CPU.ActiveCfg = Release|Any CPU
		{147C041B-2FB9-4091-B016-654624BA64F0}.Release|Any CPU.Build.0 = Release|Any CPU
	EndGlobalSection
	GlobalSection(SolutionProperties) = preSolution
		HideSolutionNode = FALSE
	EndGlobalSection
	GlobalSection(ExtensibilityGlobals) = postSolution
		SolutionGuid = {DE55676E-2ED1-42FA-A2AE-D2DBAFCBAA50}
	EndGlobalSection
EndGlobal
