
Microsoft Visual Studio Solution File, Format Version 12.00
# Visual Studio Version 17
VisualStudioVersion = 17.5.002.0
MinimumVisualStudioVersion = 10.0.40219.1
Project("{9A19103F-16F7-4668-BE54-9A1E7A4F7556}") = "StoreApi", "StoreApi.csproj", "{C2CA7869-AC84-4F8F-BF60-55310D39FDD2}"
EndProject
Project("{FAE04EC0-301F-11D3-BF4B-00C04F79EFBC}") = "Core", "..\Core\Core.csproj", "{2CD88351-F769-47E1-885E-86002146C9F3}"
EndProject
Project("{FAE04EC0-301F-11D3-BF4B-00C04F79EFBC}") = "test", "..\test\test.csproj", "{2E33B4AE-6024-498D-AAA0-00B0069E2431}"
EndProject
Global
	GlobalSection(SolutionConfigurationPlatforms) = preSolution
		Debug|Any CPU = Debug|Any CPU
		Release|Any CPU = Release|Any CPU
	EndGlobalSection
	GlobalSection(ProjectConfigurationPlatforms) = postSolution
		{C2CA7869-AC84-4F8F-BF60-55310D39FDD2}.Debug|Any CPU.ActiveCfg = Debug|Any CPU
		{C2CA7869-AC84-4F8F-BF60-55310D39FDD2}.Debug|Any CPU.Build.0 = Debug|Any CPU
		{C2CA7869-AC84-4F8F-BF60-55310D39FDD2}.Release|Any CPU.ActiveCfg = Release|Any CPU
		{C2CA7869-AC84-4F8F-BF60-55310D39FDD2}.Release|Any CPU.Build.0 = Release|Any CPU
		{2CD88351-F769-47E1-885E-86002146C9F3}.Debug|Any CPU.ActiveCfg = Debug|Any CPU
		{2CD88351-F769-47E1-885E-86002146C9F3}.Debug|Any CPU.Build.0 = Debug|Any CPU
		{2CD88351-F769-47E1-885E-86002146C9F3}.Release|Any CPU.ActiveCfg = Release|Any CPU
		{2CD88351-F769-47E1-885E-86002146C9F3}.Release|Any CPU.Build.0 = Release|Any CPU
		{2E33B4AE-6024-498D-AAA0-00B0069E2431}.Debug|Any CPU.ActiveCfg = Debug|Any CPU
		{2E33B4AE-6024-498D-AAA0-00B0069E2431}.Debug|Any CPU.Build.0 = Debug|Any CPU
		{2E33B4AE-6024-498D-AAA0-00B0069E2431}.Release|Any CPU.ActiveCfg = Release|Any CPU
		{2E33B4AE-6024-498D-AAA0-00B0069E2431}.Release|Any CPU.Build.0 = Release|Any CPU
	EndGlobalSection
	GlobalSection(SolutionProperties) = preSolution
		HideSolutionNode = FALSE
	EndGlobalSection
	GlobalSection(ExtensibilityGlobals) = postSolution
		SolutionGuid = {527D82C7-5972-4EEC-BE7D-E73B83DEF14E}
	EndGlobalSection
EndGlobal
