
Microsoft Visual Studio Solution File, Format Version 12.00
# Visual Studio Version 17
VisualStudioVersion = 17.5.002.0
MinimumVisualStudioVersion = 10.0.40219.1
Project("{9A19103F-16F7-4668-BE54-9A1E7A4F7556}") = "storeApi", "storeApi.csproj", "{0EFE77CD-7F5B-4F77-846F-92994BC27B9A}"
EndProject
Project("{FAE04EC0-301F-11D3-BF4B-00C04F79EFBC}") = "Core", "..\Core\Core.csproj", "{527754DE-2B6E-4214-BCC3-841905A68896}"
EndProject
Project("{FAE04EC0-301F-11D3-BF4B-00C04F79EFBC}") = "UT", "..\UT\UT.csproj", "{F48CAD69-3C6F-4A64-9579-B7C4740FCF4E}"
EndProject
Global
	GlobalSection(SolutionConfigurationPlatforms) = preSolution
		Debug|Any CPU = Debug|Any CPU
		Release|Any CPU = Release|Any CPU
	EndGlobalSection
	GlobalSection(ProjectConfigurationPlatforms) = postSolution
		{0EFE77CD-7F5B-4F77-846F-92994BC27B9A}.Debug|Any CPU.ActiveCfg = Debug|Any CPU
		{0EFE77CD-7F5B-4F77-846F-92994BC27B9A}.Debug|Any CPU.Build.0 = Debug|Any CPU
		{0EFE77CD-7F5B-4F77-846F-92994BC27B9A}.Release|Any CPU.ActiveCfg = Release|Any CPU
		{0EFE77CD-7F5B-4F77-846F-92994BC27B9A}.Release|Any CPU.Build.0 = Release|Any CPU
		{527754DE-2B6E-4214-BCC3-841905A68896}.Debug|Any CPU.ActiveCfg = Debug|Any CPU
		{527754DE-2B6E-4214-BCC3-841905A68896}.Debug|Any CPU.Build.0 = Debug|Any CPU
		{527754DE-2B6E-4214-BCC3-841905A68896}.Release|Any CPU.ActiveCfg = Release|Any CPU
		{527754DE-2B6E-4214-BCC3-841905A68896}.Release|Any CPU.Build.0 = Release|Any CPU
		{F48CAD69-3C6F-4A64-9579-B7C4740FCF4E}.Debug|Any CPU.ActiveCfg = Debug|Any CPU
		{F48CAD69-3C6F-4A64-9579-B7C4740FCF4E}.Debug|Any CPU.Build.0 = Debug|Any CPU
		{F48CAD69-3C6F-4A64-9579-B7C4740FCF4E}.Release|Any CPU.ActiveCfg = Release|Any CPU
		{F48CAD69-3C6F-4A64-9579-B7C4740FCF4E}.Release|Any CPU.Build.0 = Release|Any CPU
	EndGlobalSection
	GlobalSection(SolutionProperties) = preSolution
		HideSolutionNode = FALSE
	EndGlobalSection
	GlobalSection(ExtensibilityGlobals) = postSolution
		SolutionGuid = {04EC3D0F-324F-420E-A37E-B5AEFF1925A8}
	EndGlobalSection
EndGlobal
