
Microsoft Visual Studio Solution File, Format Version 12.00
# Visual Studio Version 17
VisualStudioVersion = 17.5.002.0
MinimumVisualStudioVersion = 10.0.40219.1
Project("{2150E333-8FDC-42A3-9474-1A3956D46DE8}") = "Lab7", "Lab7", "{7501187C-BF0B-4D44-891F-D09693932800}"
EndProject
Project("{9A19103F-16F7-4668-BE54-9A1E7A4F7556}") = "ApiLab7", "Lab7\ApiLab7\ApiLab7.csproj", "{ED233371-8BAA-4C48-8C81-B61C2C5CD4DB}"
EndProject
Global
	GlobalSection(SolutionConfigurationPlatforms) = preSolution
		Debug|Any CPU = Debug|Any CPU
		Release|Any CPU = Release|Any CPU
	EndGlobalSection
	GlobalSection(ProjectConfigurationPlatforms) = postSolution
		{ED233371-8BAA-4C48-8C81-B61C2C5CD4DB}.Debug|Any CPU.ActiveCfg = Debug|Any CPU
		{ED233371-8BAA-4C48-8C81-B61C2C5CD4DB}.Debug|Any CPU.Build.0 = Debug|Any CPU
		{ED233371-8BAA-4C48-8C81-B61C2C5CD4DB}.Release|Any CPU.ActiveCfg = Release|Any CPU
		{ED233371-8BAA-4C48-8C81-B61C2C5CD4DB}.Release|Any CPU.Build.0 = Release|Any CPU
	EndGlobalSection
	GlobalSection(SolutionProperties) = preSolution
		HideSolutionNode = FALSE
	EndGlobalSection
	GlobalSection(NestedProjects) = preSolution
		{ED233371-8BAA-4C48-8C81-B61C2C5CD4DB} = {7501187C-BF0B-4D44-891F-D09693932800}
	EndGlobalSection
	GlobalSection(ExtensibilityGlobals) = postSolution
		SolutionGuid = {A5D827E2-B353-4055-B4C1-F2E34ED586CF}
	EndGlobalSection
EndGlobal
